{
  "name": "ocm-miniapp",
  "version": "1.0.0",
  "lockfileVersion": 3,
  "requires": true,
  "packages": {
    "": {
      "name": "ocm-miniapp",
      "version": "1.0.0",
      "dependencies": {
        "tdesign-miniprogram": "^1.16.0"
      },
      "devDependencies": {
        "miniprogram-api-typings": "^5.0.0"
      }
    },
    "node_modules/miniprogram-api-typings": {
      "version": "5.2.3",
      "resolved": "https://registry.npmjs.org/miniprogram-api-typings/-/miniprogram-api-typings-5.2.3.tgz",
      "integrity": "sha512-KVcNSfR2VmRtz35rxkjLxE92HlsBnbT6NsKyTcDX3ebbTKAsAiTOFO1mRM82Xbe848dnEYqNGzaD48LMEvGytw==",
      "dev": true,
      "license": "MIT"
    },
    "node_modules/tdesign-miniprogram": {
      "version": "1.16.0",
      "resolved": "https://registry.npmjs.org/tdesign-miniprogram/-/tdesign-miniprogram-1.16.0.tgz",
      "integrity": "sha512-HbK0PWVqXoiynkXOGrda+B8ChPwCcx1IazExlBJzxDhNjkQ8qE4/v0k5wn07gLxW042mSsVdwoX/aUTB0yH4jw==",
      "license": "MIT"
    }
  }
}
